dependencies:
- name: loki
  repository: https://grafana.github.io/helm-charts/
  version: 2.5.0
- name: promtail
  repository: https://grafana.github.io/helm-charts/
  version: 3.5.1
digest: sha256:7fd2376457e994704c6714b7c98acaa59cb6aea553180223dc50f36a59412e94
generated: "2021-05-17T14:34:45.688424+03:00"
