dependencies:
- name: loki
  repository: https://grafana.github.io/helm-charts/
  version: 2.5.0
- name: promtail
  repository: https://grafana.github.io/helm-charts/
  version: 2.2.0
digest: sha256:7042f9825ede7e8f0c5561fdcdc3ff6f60ef858670c0c46b8f5bfdb4a5f19801
generated: "2021-05-17T18:40:14.508018+03:00"
